github.com/panicthis/E v1.1.0 h1:rGmnZK2TDeo3eUxgl2J2gQcKIjjFp+GPSqxJ1etc6Ig=
github.com/panicthis/E v1.1.0/go.mod h1:BOnuB0/llsb7tWFHN1O0OO9VOJFxBbLGctdb6dkCVKo=
github.com/panicthis/F v0.0.0-20210614032410-26164668a2de h1:rMd+tAG/Dtd6YBUIQj/3CBKxa9JCdbLv49fdo7s0z1o=
github.com/panicthis/F v0.0.0-20210614032410-26164668a2de/go.mod h1:lUebpwdmVKic/5OlGGzI844d0G3AUqBFY4GeScUrpIs=
